Microsoft Visual Studio Solution File, Format Version 12.00
# Visual Studio Version 16
VisualStudioVersion = 16.0.29920.165
MinimumVisualStudioVersion = 10.0.40219.1
Project("{9A19103F-16F7-4668-BE54-9A1E7A4F7556}") = "DataGrid_GettingStarted", "GettingStarted\DataGrid_GettingStarted\DataGrid_GettingStarted.csproj", "{B37AFD43-B728-4236-86CB-229A6335FFE0}"
EndProject
Project("{FAE04EC0-301F-11D3-BF4B-00C04F79EFBC}") = "DataGrid_GettingStarted.Android", "GettingStarted\DataGrid_GettingStarted.Android\DataGrid_GettingStarted.Android.csproj", "{927A5665-1892-44E5-A5B2-BDB7F7B5011A}"
EndProject
Project("{FAE04EC0-301F-11D3-BF4B-00C04F79EFBC}") = "DataGrid_GettingStarted.iOS", "GettingStarted\DataGrid_GettingStarted.iOS\DataGrid_GettingStarted.iOS.csproj", "{C4ACA4B6-7A2E-4FC1-A3A9-9490A0123DB3}"
EndProject
Project("{9A19103F-16F7-4668-BE54-9A1E7A4F7556}") = "DataGridView_PullToRefresh", "PullToRefresh\DataGridView_PullToRefresh\DataGridView_PullToRefresh.csproj", "{204AD800-A8A4-46CB-924B-7C25F0EF3669}"
EndProject
Project("{FAE04EC0-301F-11D3-BF4B-00C04F79EFBC}") = "DataGridView_PullToRefresh.Android", "PullToRefresh\DataGridView_PullToRefresh.Android\DataGridView_PullToRefresh.Android.csproj", "{6FF8EDA4-1EA7-44CE-9CF7-49A4C18D8852}"
EndProject
Project("{FAE04EC0-301F-11D3-BF4B-00C04F79EFBC}") = "DataGridView_PullToRefresh.iOS", "PullToRefresh\DataGridView_PullToRefresh.iOS\DataGridView_PullToRefresh.iOS.csproj", "{EFDB6049-ECCC-4458-AD32-31718FDBC5B2}"
EndProject
Global
	GlobalSection(SolutionConfigurationPlatforms) = preSolution
		Ad-Hoc|Any CPU = Ad-Hoc|Any CPU
		Ad-Hoc|iPhone = Ad-Hoc|iPhone
		Ad-Hoc|iPhoneSimulator = Ad-Hoc|iPhoneSimulator
		AppStore|Any CPU = AppStore|Any CPU
		AppStore|iPhone = AppStore|iPhone
		AppStore|iPhoneSimulator = AppStore|iPhoneSimulator
		Debug|Any CPU = Debug|Any CPU
		Debug|iPhone = Debug|iPhone
		Debug|iPhoneSimulator = Debug|iPhoneSimulator
		Release|Any CPU = Release|Any CPU
		Release|iPhone = Release|iPhone
		Release|iPhoneSimulator = Release|iPhoneSimulator
	EndGlobalSection
	GlobalSection(ProjectConfigurationPlatforms) = postSolution
		{B37AFD43-B728-4236-86CB-229A6335FFE0}.Ad-Hoc|Any CPU.ActiveCfg = Release|Any CPU
		{B37AFD43-B728-4236-86CB-229A6335FFE0}.Ad-Hoc|Any CPU.Build.0 = Release|Any CPU
		{B37AFD43-B728-4236-86CB-229A6335FFE0}.Ad-Hoc|iPhone.ActiveCfg = Release|Any CPU
		{B37AFD43-B728-4236-86CB-229A6335FFE0}.Ad-Hoc|iPhone.Build.0 = Release|Any CPU
		{B37AFD43-B728-4236-86CB-229A6335FFE0}.Ad-Hoc|iPhoneSimulator.ActiveCfg = Release|Any CPU
		{B37AFD43-B728-4236-86CB-229A6335FFE0}.Ad-Hoc|iPhoneSimulator.Build.0 = Release|Any CPU
		{B37AFD43-B728-4236-86CB-229A6335FFE0}.AppStore|Any CPU.ActiveCfg = Release|Any CPU
		{B37AFD43-B728-4236-86CB-229A6335FFE0}.AppStore|Any CPU.Build.0 = Release|Any CPU
		{B37AFD43-B728-4236-86CB-229A6335FFE0}.AppStore|iPhone.ActiveCfg = Release|Any CPU
		{B37AFD43-B728-4236-86CB-229A6335FFE0}.AppStore|iPhone.Build.0 = Release|Any CPU
		{B37AFD43-B728-4236-86CB-229A6335FFE0}.AppStore|iPhoneSimulator.ActiveCfg = Release|Any CPU
		{B37AFD43-B728-4236-86CB-229A6335FFE0}.AppStore|iPhoneSimulator.Build.0 = Release|Any CPU
		{B37AFD43-B728-4236-86CB-229A6335FFE0}.Debug|Any CPU.ActiveCfg = Debug|Any CPU
		{B37AFD43-B728-4236-86CB-229A6335FFE0}.Debug|Any CPU.Build.0 = Debug|Any CPU
		{B37AFD43-B728-4236-86CB-229A6335FFE0}.Debug|iPhone.ActiveCfg = Debug|Any CPU
		{B37AFD43-B728-4236-86CB-229A6335FFE0}.Debug|iPhone.Build.0 = Debug|Any CPU
		{B37AFD43-B728-4236-86CB-229A6335FFE0}.Debug|iPhoneSimulator.ActiveCfg = Debug|Any CPU
		{B37AFD43-B728-4236-86CB-229A6335FFE0}.Debug|iPhoneSimulator.Build.0 = Debug|Any CPU
		{B37AFD43-B728-4236-86CB-229A6335FFE0}.Release|Any CPU.ActiveCfg = Release|Any CPU
		{B37AFD43-B728-4236-86CB-229A6335FFE0}.Release|Any CPU.Build.0 = Release|Any CPU
		{B37AFD43-B728-4236-86CB-229A6335FFE0}.Release|iPhone.ActiveCfg = Release|Any CPU
		{B37AFD43-B728-4236-86CB-229A6335FFE0}.Release|iPhone.Build.0 = Release|Any CPU
		{B37AFD43-B728-4236-86CB-229A6335FFE0}.Release|iPhoneSimulator.ActiveCfg = Release|Any CPU
		{B37AFD43-B728-4236-86CB-229A6335FFE0}.Release|iPhoneSimulator.Build.0 = Release|Any CPU
		{927A5665-1892-44E5-A5B2-BDB7F7B5011A}.Ad-Hoc|Any CPU.ActiveCfg = Release|Any CPU
		{927A5665-1892-44E5-A5B2-BDB7F7B5011A}.Ad-Hoc|Any CPU.Build.0 = Release|Any CPU
		{927A5665-1892-44E5-A5B2-BDB7F7B5011A}.Ad-Hoc|Any CPU.Deploy.0 = Release|Any CPU
		{927A5665-1892-44E5-A5B2-BDB7F7B5011A}.Ad-Hoc|iPhone.ActiveCfg = Release|Any CPU
		{927A5665-1892-44E5-A5B2-BDB7F7B5011A}.Ad-Hoc|iPhone.Build.0 = Release|Any CPU
		{927A5665-1892-44E5-A5B2-BDB7F7B5011A}.Ad-Hoc|iPhone.Deploy.0 = Release|Any CPU
		{927A5665-1892-44E5-A5B2-BDB7F7B5011A}.Ad-Hoc|iPhoneSimulator.ActiveCfg = Release|Any CPU
		{927A5665-1892-44E5-A5B2-BDB7F7B5011A}.Ad-Hoc|iPhoneSimulator.Build.0 = Release|Any CPU
		{927A5665-1892-44E5-A5B2-BDB7F7B5011A}.Ad-Hoc|iPhoneSimulator.Deploy.0 = Release|Any CPU
		{927A5665-1892-44E5-A5B2-BDB7F7B5011A}.AppStore|Any CPU.ActiveCfg = Release|Any CPU
		{927A5665-1892-44E5-A5B2-BDB7F7B5011A}.AppStore|Any CPU.Build.0 = Release|Any CPU
		{927A5665-1892-44E5-A5B2-BDB7F7B5011A}.AppStore|Any CPU.Deploy.0 = Release|Any CPU
		{927A5665-1892-44E5-A5B2-BDB7F7B5011A}.AppStore|iPhone.ActiveCfg = Release|Any CPU
		{927A5665-1892-44E5-A5B2-BDB7F7B5011A}.AppStore|iPhone.Build.0 = Release|Any CPU
		{927A5665-1892-44E5-A5B2-BDB7F7B5011A}.AppStore|iPhone.Deploy.0 = Release|Any CPU
		{927A5665-1892-44E5-A5B2-BDB7F7B5011A}.AppStore|iPhoneSimulator.ActiveCfg = Release|Any CPU
		{927A5665-1892-44E5-A5B2-BDB7F7B5011A}.AppStore|iPhoneSimulator.Build.0 = Release|Any CPU
		{927A5665-1892-44E5-A5B2-BDB7F7B5011A}.AppStore|iPhoneSimulator.Deploy.0 = Release|Any CPU
		{927A5665-1892-44E5-A5B2-BDB7F7B5011A}.Debug|Any CPU.ActiveCfg = Debug|Any CPU
		{927A5665-1892-44E5-A5B2-BDB7F7B5011A}.Debug|Any CPU.Build.0 = Debug|Any CPU
		{927A5665-1892-44E5-A5B2-BDB7F7B5011A}.Debug|Any CPU.Deploy.0 = Debug|Any CPU
		{927A5665-1892-44E5-A5B2-BDB7F7B5011A}.Debug|iPhone.ActiveCfg = Debug|Any CPU
		{927A5665-1892-44E5-A5B2-BDB7F7B5011A}.Debug|iPhone.Build.0 = Debug|Any CPU
		{927A5665-1892-44E5-A5B2-BDB7F7B5011A}.Debug|iPhone.Deploy.0 = Debug|Any CPU
		{927A5665-1892-44E5-A5B2-BDB7F7B5011A}.Debug|iPhoneSimulator.ActiveCfg = Debug|Any CPU
		{927A5665-1892-44E5-A5B2-BDB7F7B5011A}.Debug|iPhoneSimulator.Build.0 = Debug|Any CPU
		{927A5665-1892-44E5-A5B2-BDB7F7B5011A}.Debug|iPhoneSimulator.Deploy.0 = Debug|Any CPU
		{927A5665-1892-44E5-A5B2-BDB7F7B5011A}.Release|Any CPU.ActiveCfg = Release|Any CPU
		{927A5665-1892-44E5-A5B2-BDB7F7B5011A}.Release|Any CPU.Build.0 = Release|Any CPU
		{927A5665-1892-44E5-A5B2-BDB7F7B5011A}.Release|Any CPU.Deploy.0 = Release|Any CPU
		{927A5665-1892-44E5-A5B2-BDB7F7B5011A}.Release|iPhone.ActiveCfg = Release|Any CPU
		{927A5665-1892-44E5-A5B2-BDB7F7B5011A}.Release|iPhone.Build.0 = Release|Any CPU
		{927A5665-1892-44E5-A5B2-BDB7F7B5011A}.Release|iPhone.Deploy.0 = Release|Any CPU
		{927A5665-1892-44E5-A5B2-BDB7F7B5011A}.Release|iPhoneSimulator.ActiveCfg = Release|Any CPU
		{927A5665-1892-44E5-A5B2-BDB7F7B5011A}.Release|iPhoneSimulator.Build.0 = Release|Any CPU
		{927A5665-1892-44E5-A5B2-BDB7F7B5011A}.Release|iPhoneSimulator.Deploy.0 = Release|Any CPU
		{C4ACA4B6-7A2E-4FC1-A3A9-9490A0123DB3}.Ad-Hoc|Any CPU.ActiveCfg = Release|iPhoneSimulator
		{C4ACA4B6-7A2E-4FC1-A3A9-9490A0123DB3}.Ad-Hoc|Any CPU.Build.0 = Release|iPhoneSimulator
		{C4ACA4B6-7A2E-4FC1-A3A9-9490A0123DB3}.Ad-Hoc|Any CPU.Deploy.0 = Release|iPhoneSimulator
		{C4ACA4B6-7A2E-4FC1-A3A9-9490A0123DB3}.Ad-Hoc|iPhone.ActiveCfg = Release|iPhone
		{C4ACA4B6-7A2E-4FC1-A3A9-9490A0123DB3}.Ad-Hoc|iPhone.Build.0 = Release|iPhone
		{C4ACA4B6-7A2E-4FC1-A3A9-9490A0123DB3}.Ad-Hoc|iPhone.Deploy.0 = Release|iPhone
		{C4ACA4B6-7A2E-4FC1-A3A9-9490A0123DB3}.Ad-Hoc|iPhoneSimulator.ActiveCfg = Release|iPhoneSimulator
		{C4ACA4B6-7A2E-4FC1-A3A9-9490A0123DB3}.Ad-Hoc|iPhoneSimulator.Build.0 = Release|iPhoneSimulator
		{C4ACA4B6-7A2E-4FC1-A3A9-9490A0123DB3}.Ad-Hoc|iPhoneSimulator.Deploy.0 = Release|iPhoneSimulator
		{C4ACA4B6-7A2E-4FC1-A3A9-9490A0123DB3}.AppStore|Any CPU.ActiveCfg = Release|iPhoneSimulator
		{C4ACA4B6-7A2E-4FC1-A3A9-9490A0123DB3}.AppStore|Any CPU.Build.0 = Release|iPhoneSimulator
		{C4ACA4B6-7A2E-4FC1-A3A9-9490A0123DB3}.AppStore|Any CPU.Deploy.0 = Release|iPhoneSimulator
		{C4ACA4B6-7A2E-4FC1-A3A9-9490A0123DB3}.AppStore|iPhone.ActiveCfg = Release|iPhone
		{C4ACA4B6-7A2E-4FC1-A3A9-9490A0123DB3}.AppStore|iPhone.Build.0 = Release|iPhone
		{C4ACA4B6-7A2E-4FC1-A3A9-9490A0123DB3}.AppStore|iPhone.Deploy.0 = Release|iPhone
		{C4ACA4B6-7A2E-4FC1-A3A9-9490A0123DB3}.AppStore|iPhoneSimulator.ActiveCfg = Release|iPhoneSimulator
		{C4ACA4B6-7A2E-4FC1-A3A9-9490A0123DB3}.AppStore|iPhoneSimulator.Build.0 = Release|iPhoneSimulator
		{C4ACA4B6-7A2E-4FC1-A3A9-9490A0123DB3}.AppStore|iPhoneSimulator.Deploy.0 = Release|iPhoneSimulator
		{C4ACA4B6-7A2E-4FC1-A3A9-9490A0123DB3}.Debug|Any CPU.ActiveCfg = Debug|iPhone
		{C4ACA4B6-7A2E-4FC1-A3A9-9490A0123DB3}.Debug|iPhone.ActiveCfg = Debug|iPhone
		{C4ACA4B6-7A2E-4FC1-A3A9-9490A0123DB3}.Debug|iPhone.Build.0 = Debug|iPhone
		{C4ACA4B6-7A2E-4FC1-A3A9-9490A0123DB3}.Debug|iPhoneSimulator.ActiveCfg = Debug|iPhoneSimulator
		{C4ACA4B6-7A2E-4FC1-A3A9-9490A0123DB3}.Debug|iPhoneSimulator.Build.0 = Debug|iPhoneSimulator
		{C4ACA4B6-7A2E-4FC1-A3A9-9490A0123DB3}.Release|Any CPU.ActiveCfg = Release|iPhone
		{C4ACA4B6-7A2E-4FC1-A3A9-9490A0123DB3}.Release|iPhone.ActiveCfg = Release|iPhone
		{C4ACA4B6-7A2E-4FC1-A3A9-9490A0123DB3}.Release|iPhone.Build.0 = Release|iPhone
		{C4ACA4B6-7A2E-4FC1-A3A9-9490A0123DB3}.Release|iPhoneSimulator.ActiveCfg = Release|iPhoneSimulator
		{C4ACA4B6-7A2E-4FC1-A3A9-9490A0123DB3}.Release|iPhoneSimulator.Build.0 = Release|iPhoneSimulator
		{204AD800-A8A4-46CB-924B-7C25F0EF3669}.Ad-Hoc|Any CPU.ActiveCfg = Debug|Any CPU
		{204AD800-A8A4-46CB-924B-7C25F0EF3669}.Ad-Hoc|Any CPU.Build.0 = Debug|Any CPU
		{204AD800-A8A4-46CB-924B-7C25F0EF3669}.Ad-Hoc|iPhone.ActiveCfg = Debug|Any CPU
		{204AD800-A8A4-46CB-924B-7C25F0EF3669}.Ad-Hoc|iPhone.Build.0 = Debug|Any CPU
		{204AD800-A8A4-46CB-924B-7C25F0EF3669}.Ad-Hoc|iPhoneSimulator.ActiveCfg = Debug|Any CPU
		{204AD800-A8A4-46CB-924B-7C25F0EF3669}.Ad-Hoc|iPhoneSimulator.Build.0 = Debug|Any CPU
		{204AD800-A8A4-46CB-924B-7C25F0EF3669}.AppStore|Any CPU.ActiveCfg = Debug|Any CPU
		{204AD800-A8A4-46CB-924B-7C25F0EF3669}.AppStore|Any CPU.Build.0 = Debug|Any CPU
		{204AD800-A8A4-46CB-924B-7C25F0EF3669}.AppStore|iPhone.ActiveCfg = Debug|Any CPU
		{204AD800-A8A4-46CB-924B-7C25F0EF3669}.AppStore|iPhone.Build.0 = Debug|Any CPU
		{204AD800-A8A4-46CB-924B-7C25F0EF3669}.AppStore|iPhoneSimulator.ActiveCfg = Debug|Any CPU
		{204AD800-A8A4-46CB-924B-7C25F0EF3669}.AppStore|iPhoneSimulator.Build.0 = Debug|Any CPU
		{204AD800-A8A4-46CB-924B-7C25F0EF3669}.Debug|Any CPU.ActiveCfg = Debug|Any CPU
		{204AD800-A8A4-46CB-924B-7C25F0EF3669}.Debug|Any CPU.Build.0 = Debug|Any CPU
		{204AD800-A8A4-46CB-924B-7C25F0EF3669}.Debug|iPhone.ActiveCfg = Debug|Any CPU
		{204AD800-A8A4-46CB-924B-7C25F0EF3669}.Debug|iPhone.Build.0 = Debug|Any CPU
		{204AD800-A8A4-46CB-924B-7C25F0EF3669}.Debug|iPhoneSimulator.ActiveCfg = Debug|Any CPU
		{204AD800-A8A4-46CB-924B-7C25F0EF3669}.Debug|iPhoneSimulator.Build.0 = Debug|Any CPU
		{204AD800-A8A4-46CB-924B-7C25F0EF3669}.Release|Any CPU.ActiveCfg = Release|Any CPU
		{204AD800-A8A4-46CB-924B-7C25F0EF3669}.Release|Any CPU.Build.0 = Release|Any CPU
		{204AD800-A8A4-46CB-924B-7C25F0EF3669}.Release|iPhone.ActiveCfg = Release|Any CPU
		{204AD800-A8A4-46CB-924B-7C25F0EF3669}.Release|iPhone.Build.0 = Release|Any CPU
		{204AD800-A8A4-46CB-924B-7C25F0EF3669}.Release|iPhoneSimulator.ActiveCfg = Release|Any CPU
		{204AD800-A8A4-46CB-924B-7C25F0EF3669}.Release|iPhoneSimulator.Build.0 = Release|Any CPU
		{6FF8EDA4-1EA7-44CE-9CF7-49A4C18D8852}.Ad-Hoc|Any CPU.ActiveCfg = Release|Any CPU
		{6FF8EDA4-1EA7-44CE-9CF7-49A4C18D8852}.Ad-Hoc|Any CPU.Build.0 = Release|Any CPU
		{6FF8EDA4-1EA7-44CE-9CF7-49A4C18D8852}.Ad-Hoc|Any CPU.Deploy.0 = Release|Any CPU
		{6FF8EDA4-1EA7-44CE-9CF7-49A4C18D8852}.Ad-Hoc|iPhone.ActiveCfg = Release|Any CPU
		{6FF8EDA4-1EA7-44CE-9CF7-49A4C18D8852}.Ad-Hoc|iPhone.Build.0 = Release|Any CPU
		{6FF8EDA4-1EA7-44CE-9CF7-49A4C18D8852}.Ad-Hoc|iPhone.Deploy.0 = Release|Any CPU
		{6FF8EDA4-1EA7-44CE-9CF7-49A4C18D8852}.Ad-Hoc|iPhoneSimulator.ActiveCfg = Release|Any CPU
		{6FF8EDA4-1EA7-44CE-9CF7-49A4C18D8852}.Ad-Hoc|iPhoneSimulator.Build.0 = Release|Any CPU
		{6FF8EDA4-1EA7-44CE-9CF7-49A4C18D8852}.Ad-Hoc|iPhoneSimulator.Deploy.0 = Release|Any CPU
		{6FF8EDA4-1EA7-44CE-9CF7-49A4C18D8852}.AppStore|Any CPU.ActiveCfg = Release|Any CPU
		{6FF8EDA4-1EA7-44CE-9CF7-49A4C18D8852}.AppStore|Any CPU.Build.0 = Release|Any CPU
		{6FF8EDA4-1EA7-44CE-9CF7-49A4C18D8852}.AppStore|Any CPU.Deploy.0 = Release|Any CPU
		{6FF8EDA4-1EA7-44CE-9CF7-49A4C18D8852}.AppStore|iPhone.ActiveCfg = Release|Any CPU
		{6FF8EDA4-1EA7-44CE-9CF7-49A4C18D8852}.AppStore|iPhone.Build.0 = Release|Any CPU
		{6FF8EDA4-1EA7-44CE-9CF7-49A4C18D8852}.AppStore|iPhone.Deploy.0 = Release|Any CPU
		{6FF8EDA4-1EA7-44CE-9CF7-49A4C18D8852}.AppStore|iPhoneSimulator.ActiveCfg = Release|Any CPU
		{6FF8EDA4-1EA7-44CE-9CF7-49A4C18D8852}.AppStore|iPhoneSimulator.Build.0 = Release|Any CPU
		{6FF8EDA4-1EA7-44CE-9CF7-49A4C18D8852}.AppStore|iPhoneSimulator.Deploy.0 = Release|Any CPU
		{6FF8EDA4-1EA7-44CE-9CF7-49A4C18D8852}.Debug|Any CPU.ActiveCfg = Debug|Any CPU
		{6FF8EDA4-1EA7-44CE-9CF7-49A4C18D8852}.Debug|Any CPU.Build.0 = Debug|Any CPU
		{6FF8EDA4-1EA7-44CE-9CF7-49A4C18D8852}.Debug|Any CPU.Deploy.0 = Debug|Any CPU
		{6FF8EDA4-1EA7-44CE-9CF7-49A4C18D8852}.Debug|iPhone.ActiveCfg = Debug|Any CPU
		{6FF8EDA4-1EA7-44CE-9CF7-49A4C18D8852}.Debug|iPhone.Build.0 = Debug|Any CPU
		{6FF8EDA4-1EA7-44CE-9CF7-49A4C18D8852}.Debug|iPhone.Deploy.0 = Debug|Any CPU
		{6FF8EDA4-1EA7-44CE-9CF7-49A4C18D8852}.Debug|iPhoneSimulator.ActiveCfg = Debug|Any CPU
		{6FF8EDA4-1EA7-44CE-9CF7-49A4C18D8852}.Debug|iPhoneSimulator.Build.0 = Debug|Any CPU
		{6FF8EDA4-1EA7-44CE-9CF7-49A4C18D8852}.Debug|iPhoneSimulator.Deploy.0 = Debug|Any CPU
		{6FF8EDA4-1EA7-44CE-9CF7-49A4C18D8852}.Release|Any CPU.ActiveCfg = Release|Any CPU
		{6FF8EDA4-1EA7-44CE-9CF7-49A4C18D8852}.Release|Any CPU.Build.0 = Release|Any CPU
		{6FF8EDA4-1EA7-44CE-9CF7-49A4C18D8852}.Release|Any CPU.Deploy.0 = Release|Any CPU
		{6FF8EDA4-1EA7-44CE-9CF7-49A4C18D8852}.Release|iPhone.ActiveCfg = Release|Any CPU
		{6FF8EDA4-1EA7-44CE-9CF7-49A4C18D8852}.Release|iPhone.Build.0 = Release|Any CPU
		{6FF8EDA4-1EA7-44CE-9CF7-49A4C18D8852}.Release|iPhone.Deploy.0 = Release|Any CPU
		{6FF8EDA4-1EA7-44CE-9CF7-49A4C18D8852}.Release|iPhoneSimulator.ActiveCfg = Release|Any CPU
		{6FF8EDA4-1EA7-44CE-9CF7-49A4C18D8852}.Release|iPhoneSimulator.Build.0 = Release|Any CPU
		{6FF8EDA4-1EA7-44CE-9CF7-49A4C18D8852}.Release|iPhoneSimulator.Deploy.0 = Release|Any CPU
		{EFDB6049-ECCC-4458-AD32-31718FDBC5B2}.Ad-Hoc|Any CPU.ActiveCfg = Ad-Hoc|iPhone
		{EFDB6049-ECCC-4458-AD32-31718FDBC5B2}.Ad-Hoc|iPhone.ActiveCfg = Ad-Hoc|iPhone
		{EFDB6049-ECCC-4458-AD32-31718FDBC5B2}.Ad-Hoc|iPhone.Build.0 = Ad-Hoc|iPhone
		{EFDB6049-ECCC-4458-AD32-31718FDBC5B2}.Ad-Hoc|iPhoneSimulator.ActiveCfg = Ad-Hoc|iPhoneSimulator
		{EFDB6049-ECCC-4458-AD32-31718FDBC5B2}.Ad-Hoc|iPhoneSimulator.Build.0 = Ad-Hoc|iPhoneSimulator
		{EFDB6049-ECCC-4458-AD32-31718FDBC5B2}.AppStore|Any CPU.ActiveCfg = AppStore|iPhone
		{EFDB6049-ECCC-4458-AD32-31718FDBC5B2}.AppStore|iPhone.ActiveCfg = AppStore|iPhone
		{EFDB6049-ECCC-4458-AD32-31718FDBC5B2}.AppStore|iPhone.Build.0 = AppStore|iPhone
		{EFDB6049-ECCC-4458-AD32-31718FDBC5B2}.AppStore|iPhoneSimulator.ActiveCfg = AppStore|iPhoneSimulator
		{EFDB6049-ECCC-4458-AD32-31718FDBC5B2}.AppStore|iPhoneSimulator.Build.0 = AppStore|iPhoneSimulator
		{EFDB6049-ECCC-4458-AD32-31718FDBC5B2}.Debug|Any CPU.ActiveCfg = Debug|iPhone
		{EFDB6049-ECCC-4458-AD32-31718FDBC5B2}.Debug|iPhone.ActiveCfg = Debug|iPhone
		{EFDB6049-ECCC-4458-AD32-31718FDBC5B2}.Debug|iPhone.Build.0 = Debug|iPhone
		{EFDB6049-ECCC-4458-AD32-31718FDBC5B2}.Debug|iPhoneSimulator.ActiveCfg = Debug|iPhoneSimulator
		{EFDB6049-ECCC-4458-AD32-31718FDBC5B2}.Debug|iPhoneSimulator.Build.0 = Debug|iPhoneSimulator
		{EFDB6049-ECCC-4458-AD32-31718FDBC5B2}.Release|Any CPU.ActiveCfg = Release|iPhone
		{EFDB6049-ECCC-4458-AD32-31718FDBC5B2}.Release|iPhone.ActiveCfg = Release|iPhone
		{EFDB6049-ECCC-4458-AD32-31718FDBC5B2}.Release|iPhone.Build.0 = Release|iPhone
		{EFDB6049-ECCC-4458-AD32-31718FDBC5B2}.Release|iPhoneSimulator.ActiveCfg = Release|iPhoneSimulator
		{EFDB6049-ECCC-4458-AD32-31718FDBC5B2}.Release|iPhoneSimulator.Build.0 = Release|iPhoneSimulator
	EndGlobalSection
	GlobalSection(SolutionProperties) = preSolution
		HideSolutionNode = FALSE
	EndGlobalSection
	GlobalSection(ExtensibilityGlobals) = postSolution
		SolutionGuid = {FD683B14-266F-4C66-97A3-18538201F3C4}
	EndGlobalSection
EndGlobal
