Microsoft Visual Studio Solution File, Format Version 12.00
# Visual Studio Version 16
VisualStudioVersion = 16.0.29920.165
MinimumVisualStudioVersion = 10.0.40219.1
Project("{FAE04EC0-301F-11D3-BF4B-00C04F79EFBC}") = "DataGrid_CustomAppearance.Android", "DataGrid_CustomAppearance.Android\DataGrid_CustomAppearance.Android.csproj", "{FF126699-AADE-4E59-8B79-D10EA3149412}"
EndProject
Project("{FAE04EC0-301F-11D3-BF4B-00C04F79EFBC}") = "DataGrid_CustomAppearance.iOS", "DataGrid_CustomAppearance.iOS\DataGrid_CustomAppearance.iOS.csproj", "{306A6521-F8E3-48BB-A4B2-FDC7223927A1}"
EndProject
Project("{9A19103F-16F7-4668-BE54-9A1E7A4F7556}") = "DataGrid_CustomAppearance", "DataGrid_CustomAppearance\DataGrid_CustomAppearance.csproj", "{77DC967E-EC5F-4B3F-B0D5-8828DA8897DC}"
EndProject
Global
	GlobalSection(SolutionConfigurationPlatforms) = preSolution
		Debug|Any CPU = Debug|Any CPU
		Debug|iPhone = Debug|iPhone
		Debug|iPhoneSimulator = Debug|iPhoneSimulator
		Release|Any CPU = Release|Any CPU
		Release|iPhone = Release|iPhone
		Release|iPhoneSimulator = Release|iPhoneSimulator
	EndGlobalSection
	GlobalSection(ProjectConfigurationPlatforms) = postSolution
		{FF126699-AADE-4E59-8B79-D10EA3149412}.Debug|Any CPU.ActiveCfg = Debug|Any CPU
		{FF126699-AADE-4E59-8B79-D10EA3149412}.Debug|Any CPU.Build.0 = Debug|Any CPU
		{FF126699-AADE-4E59-8B79-D10EA3149412}.Debug|Any CPU.Deploy.0 = Debug|Any CPU
		{FF126699-AADE-4E59-8B79-D10EA3149412}.Debug|iPhone.ActiveCfg = Debug|Any CPU
		{FF126699-AADE-4E59-8B79-D10EA3149412}.Debug|iPhone.Build.0 = Debug|Any CPU
		{FF126699-AADE-4E59-8B79-D10EA3149412}.Debug|iPhoneSimulator.ActiveCfg = Debug|Any CPU
		{FF126699-AADE-4E59-8B79-D10EA3149412}.Debug|iPhoneSimulator.Build.0 = Debug|Any CPU
		{FF126699-AADE-4E59-8B79-D10EA3149412}.Debug|iPhoneSimulator.Deploy.0 = Debug|Any CPU
		{FF126699-AADE-4E59-8B79-D10EA3149412}.Release|Any CPU.ActiveCfg = Release|Any CPU
		{FF126699-AADE-4E59-8B79-D10EA3149412}.Release|Any CPU.Build.0 = Release|Any CPU
		{FF126699-AADE-4E59-8B79-D10EA3149412}.Release|iPhone.ActiveCfg = Release|Any CPU
		{FF126699-AADE-4E59-8B79-D10EA3149412}.Release|iPhone.Build.0 = Release|Any CPU
		{FF126699-AADE-4E59-8B79-D10EA3149412}.Release|iPhoneSimulator.ActiveCfg = Release|Any CPU
		{FF126699-AADE-4E59-8B79-D10EA3149412}.Release|iPhoneSimulator.Build.0 = Release|Any CPU
		{306A6521-F8E3-48BB-A4B2-FDC7223927A1}.Debug|Any CPU.ActiveCfg = Debug|iPhoneSimulator
		{306A6521-F8E3-48BB-A4B2-FDC7223927A1}.Debug|Any CPU.Build.0 = Debug|iPhoneSimulator
		{306A6521-F8E3-48BB-A4B2-FDC7223927A1}.Debug|iPhone.ActiveCfg = Debug|iPhone
		{306A6521-F8E3-48BB-A4B2-FDC7223927A1}.Debug|iPhone.Build.0 = Debug|iPhone
		{306A6521-F8E3-48BB-A4B2-FDC7223927A1}.Debug|iPhoneSimulator.ActiveCfg = Debug|iPhoneSimulator
		{306A6521-F8E3-48BB-A4B2-FDC7223927A1}.Debug|iPhoneSimulator.Build.0 = Debug|iPhoneSimulator
		{306A6521-F8E3-48BB-A4B2-FDC7223927A1}.Release|Any CPU.ActiveCfg = Release|iPhoneSimulator
		{306A6521-F8E3-48BB-A4B2-FDC7223927A1}.Release|Any CPU.Build.0 = Release|iPhoneSimulator
		{306A6521-F8E3-48BB-A4B2-FDC7223927A1}.Release|iPhone.ActiveCfg = Release|iPhone
		{306A6521-F8E3-48BB-A4B2-FDC7223927A1}.Release|iPhone.Build.0 = Release|iPhone
		{306A6521-F8E3-48BB-A4B2-FDC7223927A1}.Release|iPhoneSimulator.ActiveCfg = Release|iPhoneSimulator
		{306A6521-F8E3-48BB-A4B2-FDC7223927A1}.Release|iPhoneSimulator.Build.0 = Release|iPhoneSimulator
		{77DC967E-EC5F-4B3F-B0D5-8828DA8897DC}.Debug|Any CPU.ActiveCfg = Debug|Any CPU
		{77DC967E-EC5F-4B3F-B0D5-8828DA8897DC}.Debug|Any CPU.Build.0 = Debug|Any CPU
		{77DC967E-EC5F-4B3F-B0D5-8828DA8897DC}.Debug|iPhone.ActiveCfg = Debug|Any CPU
		{77DC967E-EC5F-4B3F-B0D5-8828DA8897DC}.Debug|iPhone.Build.0 = Debug|Any CPU
		{77DC967E-EC5F-4B3F-B0D5-8828DA8897DC}.Debug|iPhoneSimulator.ActiveCfg = Debug|Any CPU
		{77DC967E-EC5F-4B3F-B0D5-8828DA8897DC}.Debug|iPhoneSimulator.Build.0 = Debug|Any CPU
		{77DC967E-EC5F-4B3F-B0D5-8828DA8897DC}.Release|Any CPU.ActiveCfg = Release|Any CPU
		{77DC967E-EC5F-4B3F-B0D5-8828DA8897DC}.Release|Any CPU.Build.0 = Release|Any CPU
		{77DC967E-EC5F-4B3F-B0D5-8828DA8897DC}.Release|iPhone.ActiveCfg = Release|Any CPU
		{77DC967E-EC5F-4B3F-B0D5-8828DA8897DC}.Release|iPhone.Build.0 = Release|Any CPU
		{77DC967E-EC5F-4B3F-B0D5-8828DA8897DC}.Release|iPhoneSimulator.ActiveCfg = Release|Any CPU
		{77DC967E-EC5F-4B3F-B0D5-8828DA8897DC}.Release|iPhoneSimulator.Build.0 = Release|Any CPU
	EndGlobalSection
	GlobalSection(SolutionProperties) = preSolution
		HideSolutionNode = FALSE
	EndGlobalSection
	GlobalSection(ExtensibilityGlobals) = postSolution
		SolutionGuid = {5F7BFDAC-2258-4113-B22B-66C49351CF23}
	EndGlobalSection
EndGlobal
