
Microsoft Visual Studio Solution File, Format Version 12.00
# Visual Studio Version 16
VisualStudioVersion = 16.0.30804.86
MinimumVisualStudioVersion = 10.0.40219.1
Project("{9A19103F-16F7-4668-BE54-9A1E7A4F7556}") = "DataGrid_ValidateCellEvent", "DataGrid_ValidateCellEvent\DataGrid_ValidateCellEvent.csproj", "{36E199DB-9BC7-42C8-B856-8F674E15C4D9}"
EndProject
Project("{FAE04EC0-301F-11D3-BF4B-00C04F79EFBC}") = "DataGrid_ValidateCellEvent.Android", "DataGrid_ValidateCellEvent.Android\DataGrid_ValidateCellEvent.Android.csproj", "{C32E0CAE-2F5F-46CD-AB2D-C4EF95B48704}"
EndProject
Project("{FAE04EC0-301F-11D3-BF4B-00C04F79EFBC}") = "DataGrid_ValidateCellEvent.iOS", "DataGrid_ValidateCellEvent.iOS\DataGrid_ValidateCellEvent.iOS.csproj", "{BE6026F1-A00C-4D6C-A5E5-762C23E8FC45}"
EndProject
Global
	GlobalSection(SolutionConfigurationPlatforms) = preSolution
		Debug|Any CPU = Debug|Any CPU
		Debug|iPhone = Debug|iPhone
		Debug|iPhoneSimulator = Debug|iPhoneSimulator
		Release|Any CPU = Release|Any CPU
		Release|iPhone = Release|iPhone
		Release|iPhoneSimulator = Release|iPhoneSimulator
	EndGlobalSection
	GlobalSection(ProjectConfigurationPlatforms) = postSolution
		{36E199DB-9BC7-42C8-B856-8F674E15C4D9}.Debug|Any CPU.ActiveCfg = Debug|Any CPU
		{36E199DB-9BC7-42C8-B856-8F674E15C4D9}.Debug|Any CPU.Build.0 = Debug|Any CPU
		{36E199DB-9BC7-42C8-B856-8F674E15C4D9}.Debug|iPhone.ActiveCfg = Debug|Any CPU
		{36E199DB-9BC7-42C8-B856-8F674E15C4D9}.Debug|iPhone.Build.0 = Debug|Any CPU
		{36E199DB-9BC7-42C8-B856-8F674E15C4D9}.Debug|iPhoneSimulator.ActiveCfg = Debug|Any CPU
		{36E199DB-9BC7-42C8-B856-8F674E15C4D9}.Debug|iPhoneSimulator.Build.0 = Debug|Any CPU
		{36E199DB-9BC7-42C8-B856-8F674E15C4D9}.Release|Any CPU.ActiveCfg = Release|Any CPU
		{36E199DB-9BC7-42C8-B856-8F674E15C4D9}.Release|Any CPU.Build.0 = Release|Any CPU
		{36E199DB-9BC7-42C8-B856-8F674E15C4D9}.Release|iPhone.ActiveCfg = Release|Any CPU
		{36E199DB-9BC7-42C8-B856-8F674E15C4D9}.Release|iPhone.Build.0 = Release|Any CPU
		{36E199DB-9BC7-42C8-B856-8F674E15C4D9}.Release|iPhoneSimulator.ActiveCfg = Release|Any CPU
		{36E199DB-9BC7-42C8-B856-8F674E15C4D9}.Release|iPhoneSimulator.Build.0 = Release|Any CPU
		{C32E0CAE-2F5F-46CD-AB2D-C4EF95B48704}.Debug|Any CPU.ActiveCfg = Debug|Any CPU
		{C32E0CAE-2F5F-46CD-AB2D-C4EF95B48704}.Debug|Any CPU.Build.0 = Debug|Any CPU
		{C32E0CAE-2F5F-46CD-AB2D-C4EF95B48704}.Debug|Any CPU.Deploy.0 = Debug|Any CPU
		{C32E0CAE-2F5F-46CD-AB2D-C4EF95B48704}.Debug|iPhone.ActiveCfg = Debug|Any CPU
		{C32E0CAE-2F5F-46CD-AB2D-C4EF95B48704}.Debug|iPhone.Build.0 = Debug|Any CPU
		{C32E0CAE-2F5F-46CD-AB2D-C4EF95B48704}.Debug|iPhone.Deploy.0 = Debug|Any CPU
		{C32E0CAE-2F5F-46CD-AB2D-C4EF95B48704}.Debug|iPhoneSimulator.ActiveCfg = Debug|Any CPU
		{C32E0CAE-2F5F-46CD-AB2D-C4EF95B48704}.Debug|iPhoneSimulator.Build.0 = Debug|Any CPU
		{C32E0CAE-2F5F-46CD-AB2D-C4EF95B48704}.Debug|iPhoneSimulator.Deploy.0 = Debug|Any CPU
		{C32E0CAE-2F5F-46CD-AB2D-C4EF95B48704}.Release|Any CPU.ActiveCfg = Release|Any CPU
		{C32E0CAE-2F5F-46CD-AB2D-C4EF95B48704}.Release|Any CPU.Build.0 = Release|Any CPU
		{C32E0CAE-2F5F-46CD-AB2D-C4EF95B48704}.Release|Any CPU.Deploy.0 = Release|Any CPU
		{C32E0CAE-2F5F-46CD-AB2D-C4EF95B48704}.Release|iPhone.ActiveCfg = Release|Any CPU
		{C32E0CAE-2F5F-46CD-AB2D-C4EF95B48704}.Release|iPhone.Build.0 = Release|Any CPU
		{C32E0CAE-2F5F-46CD-AB2D-C4EF95B48704}.Release|iPhone.Deploy.0 = Release|Any CPU
		{C32E0CAE-2F5F-46CD-AB2D-C4EF95B48704}.Release|iPhoneSimulator.ActiveCfg = Release|Any CPU
		{C32E0CAE-2F5F-46CD-AB2D-C4EF95B48704}.Release|iPhoneSimulator.Build.0 = Release|Any CPU
		{C32E0CAE-2F5F-46CD-AB2D-C4EF95B48704}.Release|iPhoneSimulator.Deploy.0 = Release|Any CPU
		{BE6026F1-A00C-4D6C-A5E5-762C23E8FC45}.Debug|Any CPU.ActiveCfg = Debug|iPhoneSimulator
		{BE6026F1-A00C-4D6C-A5E5-762C23E8FC45}.Debug|iPhone.ActiveCfg = Debug|iPhone
		{BE6026F1-A00C-4D6C-A5E5-762C23E8FC45}.Debug|iPhone.Build.0 = Debug|iPhone
		{BE6026F1-A00C-4D6C-A5E5-762C23E8FC45}.Debug|iPhoneSimulator.ActiveCfg = Debug|iPhoneSimulator
		{BE6026F1-A00C-4D6C-A5E5-762C23E8FC45}.Debug|iPhoneSimulator.Build.0 = Debug|iPhoneSimulator
		{BE6026F1-A00C-4D6C-A5E5-762C23E8FC45}.Release|Any CPU.ActiveCfg = Release|iPhoneSimulator
		{BE6026F1-A00C-4D6C-A5E5-762C23E8FC45}.Release|iPhone.ActiveCfg = Release|iPhone
		{BE6026F1-A00C-4D6C-A5E5-762C23E8FC45}.Release|iPhone.Build.0 = Release|iPhone
		{BE6026F1-A00C-4D6C-A5E5-762C23E8FC45}.Release|iPhoneSimulator.ActiveCfg = Release|iPhoneSimulator
		{BE6026F1-A00C-4D6C-A5E5-762C23E8FC45}.Release|iPhoneSimulator.Build.0 = Release|iPhoneSimulator
	EndGlobalSection
	GlobalSection(SolutionProperties) = preSolution
		HideSolutionNode = FALSE
	EndGlobalSection
	GlobalSection(ExtensibilityGlobals) = postSolution
		SolutionGuid = {44D57E33-5FF8-4919-ADFE-EAEC2C938890}
	EndGlobalSection
EndGlobal
