
Microsoft Visual Studio Solution File, Format Version 12.00
# Visual Studio Version 16
VisualStudioVersion = 16.0.30804.86
MinimumVisualStudioVersion = 10.0.40219.1
Project("{9A19103F-16F7-4668-BE54-9A1E7A4F7556}") = "DataGrid_ValidateInPlaceEditors", "DataGrid_ValidateInPlaceEditors\DataGrid_ValidateInPlaceEditors.csproj", "{C6AA682C-C660-4515-B13F-C7399658E42D}"
EndProject
Project("{FAE04EC0-301F-11D3-BF4B-00C04F79EFBC}") = "DataGrid_ValidateInPlaceEditors.Android", "DataGrid_ValidateInPlaceEditors.Android\DataGrid_ValidateInPlaceEditors.Android.csproj", "{00B9B0A2-7410-49E9-8302-E271F4F502F6}"
EndProject
Project("{FAE04EC0-301F-11D3-BF4B-00C04F79EFBC}") = "DataGrid_ValidateInPlaceEditors.iOS", "DataGrid_ValidateInPlaceEditors.iOS\DataGrid_ValidateInPlaceEditors.iOS.csproj", "{C30C049D-9FA5-482A-947D-31D6B0542910}"
EndProject
Global
	GlobalSection(SolutionConfigurationPlatforms) = preSolution
		Debug|Any CPU = Debug|Any CPU
		Debug|iPhone = Debug|iPhone
		Debug|iPhoneSimulator = Debug|iPhoneSimulator
		Release|Any CPU = Release|Any CPU
		Release|iPhone = Release|iPhone
		Release|iPhoneSimulator = Release|iPhoneSimulator
	EndGlobalSection
	GlobalSection(ProjectConfigurationPlatforms) = postSolution
		{C6AA682C-C660-4515-B13F-C7399658E42D}.Debug|Any CPU.ActiveCfg = Debug|Any CPU
		{C6AA682C-C660-4515-B13F-C7399658E42D}.Debug|Any CPU.Build.0 = Debug|Any CPU
		{C6AA682C-C660-4515-B13F-C7399658E42D}.Debug|iPhone.ActiveCfg = Debug|Any CPU
		{C6AA682C-C660-4515-B13F-C7399658E42D}.Debug|iPhone.Build.0 = Debug|Any CPU
		{C6AA682C-C660-4515-B13F-C7399658E42D}.Debug|iPhoneSimulator.ActiveCfg = Debug|Any CPU
		{C6AA682C-C660-4515-B13F-C7399658E42D}.Debug|iPhoneSimulator.Build.0 = Debug|Any CPU
		{C6AA682C-C660-4515-B13F-C7399658E42D}.Release|Any CPU.ActiveCfg = Release|Any CPU
		{C6AA682C-C660-4515-B13F-C7399658E42D}.Release|Any CPU.Build.0 = Release|Any CPU
		{C6AA682C-C660-4515-B13F-C7399658E42D}.Release|iPhone.ActiveCfg = Release|Any CPU
		{C6AA682C-C660-4515-B13F-C7399658E42D}.Release|iPhone.Build.0 = Release|Any CPU
		{C6AA682C-C660-4515-B13F-C7399658E42D}.Release|iPhoneSimulator.ActiveCfg = Release|Any CPU
		{C6AA682C-C660-4515-B13F-C7399658E42D}.Release|iPhoneSimulator.Build.0 = Release|Any CPU
		{00B9B0A2-7410-49E9-8302-E271F4F502F6}.Debug|Any CPU.ActiveCfg = Debug|Any CPU
		{00B9B0A2-7410-49E9-8302-E271F4F502F6}.Debug|Any CPU.Build.0 = Debug|Any CPU
		{00B9B0A2-7410-49E9-8302-E271F4F502F6}.Debug|Any CPU.Deploy.0 = Debug|Any CPU
		{00B9B0A2-7410-49E9-8302-E271F4F502F6}.Debug|iPhone.ActiveCfg = Debug|Any CPU
		{00B9B0A2-7410-49E9-8302-E271F4F502F6}.Debug|iPhone.Build.0 = Debug|Any CPU
		{00B9B0A2-7410-49E9-8302-E271F4F502F6}.Debug|iPhone.Deploy.0 = Debug|Any CPU
		{00B9B0A2-7410-49E9-8302-E271F4F502F6}.Debug|iPhoneSimulator.ActiveCfg = Debug|Any CPU
		{00B9B0A2-7410-49E9-8302-E271F4F502F6}.Debug|iPhoneSimulator.Build.0 = Debug|Any CPU
		{00B9B0A2-7410-49E9-8302-E271F4F502F6}.Debug|iPhoneSimulator.Deploy.0 = Debug|Any CPU
		{00B9B0A2-7410-49E9-8302-E271F4F502F6}.Release|Any CPU.ActiveCfg = Release|Any CPU
		{00B9B0A2-7410-49E9-8302-E271F4F502F6}.Release|Any CPU.Build.0 = Release|Any CPU
		{00B9B0A2-7410-49E9-8302-E271F4F502F6}.Release|Any CPU.Deploy.0 = Release|Any CPU
		{00B9B0A2-7410-49E9-8302-E271F4F502F6}.Release|iPhone.ActiveCfg = Release|Any CPU
		{00B9B0A2-7410-49E9-8302-E271F4F502F6}.Release|iPhone.Build.0 = Release|Any CPU
		{00B9B0A2-7410-49E9-8302-E271F4F502F6}.Release|iPhone.Deploy.0 = Release|Any CPU
		{00B9B0A2-7410-49E9-8302-E271F4F502F6}.Release|iPhoneSimulator.ActiveCfg = Release|Any CPU
		{00B9B0A2-7410-49E9-8302-E271F4F502F6}.Release|iPhoneSimulator.Build.0 = Release|Any CPU
		{00B9B0A2-7410-49E9-8302-E271F4F502F6}.Release|iPhoneSimulator.Deploy.0 = Release|Any CPU
		{C30C049D-9FA5-482A-947D-31D6B0542910}.Debug|Any CPU.ActiveCfg = Debug|iPhoneSimulator
		{C30C049D-9FA5-482A-947D-31D6B0542910}.Debug|iPhone.ActiveCfg = Debug|iPhone
		{C30C049D-9FA5-482A-947D-31D6B0542910}.Debug|iPhone.Build.0 = Debug|iPhone
		{C30C049D-9FA5-482A-947D-31D6B0542910}.Debug|iPhoneSimulator.ActiveCfg = Debug|iPhoneSimulator
		{C30C049D-9FA5-482A-947D-31D6B0542910}.Debug|iPhoneSimulator.Build.0 = Debug|iPhoneSimulator
		{C30C049D-9FA5-482A-947D-31D6B0542910}.Release|Any CPU.ActiveCfg = Release|iPhoneSimulator
		{C30C049D-9FA5-482A-947D-31D6B0542910}.Release|iPhone.ActiveCfg = Release|iPhone
		{C30C049D-9FA5-482A-947D-31D6B0542910}.Release|iPhone.Build.0 = Release|iPhone
		{C30C049D-9FA5-482A-947D-31D6B0542910}.Release|iPhoneSimulator.ActiveCfg = Release|iPhoneSimulator
		{C30C049D-9FA5-482A-947D-31D6B0542910}.Release|iPhoneSimulator.Build.0 = Release|iPhoneSimulator
	EndGlobalSection
	GlobalSection(SolutionProperties) = preSolution
		HideSolutionNode = FALSE
	EndGlobalSection
	GlobalSection(ExtensibilityGlobals) = postSolution
		SolutionGuid = {F1775CE3-7E36-4E96-9298-FA6CD3967424}
	EndGlobalSection
EndGlobal
