
Microsoft Visual Studio Solution File, Format Version 12.00
# Visual Studio Version 16
VisualStudioVersion = 16.0.30804.86
MinimumVisualStudioVersion = 10.0.40219.1
Project("{9A19103F-16F7-4668-BE54-9A1E7A4F7556}") = "DataGrid_ColumnHeaderTemplate", "DataGrid_ColumnHeaderTemplate\DataGrid_ColumnHeaderTemplate.csproj", "{116DADEC-93EF-42E1-9646-0F9E867EA718}"
EndProject
Project("{FAE04EC0-301F-11D3-BF4B-00C04F79EFBC}") = "DataGrid_ColumnHeaderTemplate.Android", "DataGrid_ColumnHeaderTemplate.Android\DataGrid_ColumnHeaderTemplate.Android.csproj", "{1DDFEC1A-0943-4D89-8320-BB05A80EA192}"
EndProject
Project("{FAE04EC0-301F-11D3-BF4B-00C04F79EFBC}") = "DataGrid_ColumnHeaderTemplate.iOS", "DataGrid_ColumnHeaderTemplate.iOS\DataGrid_ColumnHeaderTemplate.iOS.csproj", "{16598ACF-57E8-4F11-9733-BAAC707E44BC}"
EndProject
Global
	GlobalSection(SolutionConfigurationPlatforms) = preSolution
		Debug|Any CPU = Debug|Any CPU
		Debug|iPhone = Debug|iPhone
		Debug|iPhoneSimulator = Debug|iPhoneSimulator
		Release|Any CPU = Release|Any CPU
		Release|iPhone = Release|iPhone
		Release|iPhoneSimulator = Release|iPhoneSimulator
	EndGlobalSection
	GlobalSection(ProjectConfigurationPlatforms) = postSolution
		{116DADEC-93EF-42E1-9646-0F9E867EA718}.Debug|Any CPU.ActiveCfg = Debug|Any CPU
		{116DADEC-93EF-42E1-9646-0F9E867EA718}.Debug|Any CPU.Build.0 = Debug|Any CPU
		{116DADEC-93EF-42E1-9646-0F9E867EA718}.Debug|iPhone.ActiveCfg = Debug|Any CPU
		{116DADEC-93EF-42E1-9646-0F9E867EA718}.Debug|iPhone.Build.0 = Debug|Any CPU
		{116DADEC-93EF-42E1-9646-0F9E867EA718}.Debug|iPhoneSimulator.ActiveCfg = Debug|Any CPU
		{116DADEC-93EF-42E1-9646-0F9E867EA718}.Debug|iPhoneSimulator.Build.0 = Debug|Any CPU
		{116DADEC-93EF-42E1-9646-0F9E867EA718}.Release|Any CPU.ActiveCfg = Release|Any CPU
		{116DADEC-93EF-42E1-9646-0F9E867EA718}.Release|Any CPU.Build.0 = Release|Any CPU
		{116DADEC-93EF-42E1-9646-0F9E867EA718}.Release|iPhone.ActiveCfg = Release|Any CPU
		{116DADEC-93EF-42E1-9646-0F9E867EA718}.Release|iPhone.Build.0 = Release|Any CPU
		{116DADEC-93EF-42E1-9646-0F9E867EA718}.Release|iPhoneSimulator.ActiveCfg = Release|Any CPU
		{116DADEC-93EF-42E1-9646-0F9E867EA718}.Release|iPhoneSimulator.Build.0 = Release|Any CPU
		{1DDFEC1A-0943-4D89-8320-BB05A80EA192}.Debug|Any CPU.ActiveCfg = Debug|Any CPU
		{1DDFEC1A-0943-4D89-8320-BB05A80EA192}.Debug|Any CPU.Build.0 = Debug|Any CPU
		{1DDFEC1A-0943-4D89-8320-BB05A80EA192}.Debug|Any CPU.Deploy.0 = Debug|Any CPU
		{1DDFEC1A-0943-4D89-8320-BB05A80EA192}.Debug|iPhone.ActiveCfg = Debug|Any CPU
		{1DDFEC1A-0943-4D89-8320-BB05A80EA192}.Debug|iPhone.Build.0 = Debug|Any CPU
		{1DDFEC1A-0943-4D89-8320-BB05A80EA192}.Debug|iPhone.Deploy.0 = Debug|Any CPU
		{1DDFEC1A-0943-4D89-8320-BB05A80EA192}.Debug|iPhoneSimulator.ActiveCfg = Debug|Any CPU
		{1DDFEC1A-0943-4D89-8320-BB05A80EA192}.Debug|iPhoneSimulator.Build.0 = Debug|Any CPU
		{1DDFEC1A-0943-4D89-8320-BB05A80EA192}.Debug|iPhoneSimulator.Deploy.0 = Debug|Any CPU
		{1DDFEC1A-0943-4D89-8320-BB05A80EA192}.Release|Any CPU.ActiveCfg = Release|Any CPU
		{1DDFEC1A-0943-4D89-8320-BB05A80EA192}.Release|Any CPU.Build.0 = Release|Any CPU
		{1DDFEC1A-0943-4D89-8320-BB05A80EA192}.Release|Any CPU.Deploy.0 = Release|Any CPU
		{1DDFEC1A-0943-4D89-8320-BB05A80EA192}.Release|iPhone.ActiveCfg = Release|Any CPU
		{1DDFEC1A-0943-4D89-8320-BB05A80EA192}.Release|iPhone.Build.0 = Release|Any CPU
		{1DDFEC1A-0943-4D89-8320-BB05A80EA192}.Release|iPhone.Deploy.0 = Release|Any CPU
		{1DDFEC1A-0943-4D89-8320-BB05A80EA192}.Release|iPhoneSimulator.ActiveCfg = Release|Any CPU
		{1DDFEC1A-0943-4D89-8320-BB05A80EA192}.Release|iPhoneSimulator.Build.0 = Release|Any CPU
		{1DDFEC1A-0943-4D89-8320-BB05A80EA192}.Release|iPhoneSimulator.Deploy.0 = Release|Any CPU
		{16598ACF-57E8-4F11-9733-BAAC707E44BC}.Debug|Any CPU.ActiveCfg = Debug|iPhoneSimulator
		{16598ACF-57E8-4F11-9733-BAAC707E44BC}.Debug|iPhone.ActiveCfg = Debug|iPhone
		{16598ACF-57E8-4F11-9733-BAAC707E44BC}.Debug|iPhone.Build.0 = Debug|iPhone
		{16598ACF-57E8-4F11-9733-BAAC707E44BC}.Debug|iPhoneSimulator.ActiveCfg = Debug|iPhoneSimulator
		{16598ACF-57E8-4F11-9733-BAAC707E44BC}.Debug|iPhoneSimulator.Build.0 = Debug|iPhoneSimulator
		{16598ACF-57E8-4F11-9733-BAAC707E44BC}.Release|Any CPU.ActiveCfg = Release|iPhoneSimulator
		{16598ACF-57E8-4F11-9733-BAAC707E44BC}.Release|iPhone.ActiveCfg = Release|iPhone
		{16598ACF-57E8-4F11-9733-BAAC707E44BC}.Release|iPhone.Build.0 = Release|iPhone
		{16598ACF-57E8-4F11-9733-BAAC707E44BC}.Release|iPhoneSimulator.ActiveCfg = Release|iPhoneSimulator
		{16598ACF-57E8-4F11-9733-BAAC707E44BC}.Release|iPhoneSimulator.Build.0 = Release|iPhoneSimulator
	EndGlobalSection
	GlobalSection(SolutionProperties) = preSolution
		HideSolutionNode = FALSE
	EndGlobalSection
	GlobalSection(ExtensibilityGlobals) = postSolution
		SolutionGuid = {13CF37A4-3D8F-4FA2-ACD2-3DE6A645B8AA}
	EndGlobalSection
EndGlobal
